
Microsoft Visual Studio Solution File, Format Version 12.00
# Visual Studio 15
VisualStudioVersion = 15.0.27428.2015
MinimumVisualStudioVersion = 10.0.40219.1
Project("{FAE04EC0-301F-11D3-BF4B-00C04F79EFBC}") = "BTJ.SPCincy2018.AzureAppDemo", "BTJ.SPCincy2018.AzureAppDemo\BTJ.SPCincy2018.AzureAppDemo.csproj", "{70E1387C-AC52-4A6F-BB7D-1A8C3CB7692B}"
EndProject
Project("{9A19103F-16F7-4668-BE54-9A1E7A4F7556}") = "BTJ.SPCincy2018.FunctionDemo", "BTJ.SPCincy2018.FunctionDemo\BTJ.SPCincy2018.FunctionDemo.csproj", "{7F96519D-EFD6-48D7-A88C-B4A3042B7CD6}"
EndProject
Project("{FAE04EC0-301F-11D3-BF4B-00C04F79EFBC}") = "BTJ.SPCincy2018.AzureSecureAppDemo", "BTJ.SPCincy2018.AzureSecureAppDemo\BTJ.SPCincy2018.AzureSecureAppDemo.csproj", "{FD58AC3D-0E9E-44C5-91C3-48C987A3E1A6}"
EndProject
Global
	GlobalSection(SolutionConfigurationPlatforms) = preSolution
		Debug|Any CPU = Debug|Any CPU
		Release|Any CPU = Release|Any CPU
	EndGlobalSection
	GlobalSection(ProjectConfigurationPlatforms) = postSolution
		{70E1387C-AC52-4A6F-BB7D-1A8C3CB7692B}.Debug|Any CPU.ActiveCfg = Debug|Any CPU
		{70E1387C-AC52-4A6F-BB7D-1A8C3CB7692B}.Debug|Any CPU.Build.0 = Debug|Any CPU
		{70E1387C-AC52-4A6F-BB7D-1A8C3CB7692B}.Release|Any CPU.ActiveCfg = Release|Any CPU
		{70E1387C-AC52-4A6F-BB7D-1A8C3CB7692B}.Release|Any CPU.Build.0 = Release|Any CPU
		{7F96519D-EFD6-48D7-A88C-B4A3042B7CD6}.Debug|Any CPU.ActiveCfg = Debug|Any CPU
		{7F96519D-EFD6-48D7-A88C-B4A3042B7CD6}.Debug|Any CPU.Build.0 = Debug|Any CPU
		{7F96519D-EFD6-48D7-A88C-B4A3042B7CD6}.Release|Any CPU.ActiveCfg = Release|Any CPU
		{7F96519D-EFD6-48D7-A88C-B4A3042B7CD6}.Release|Any CPU.Build.0 = Release|Any CPU
		{FD58AC3D-0E9E-44C5-91C3-48C987A3E1A6}.Debug|Any CPU.ActiveCfg = Debug|Any CPU
		{FD58AC3D-0E9E-44C5-91C3-48C987A3E1A6}.Debug|Any CPU.Build.0 = Debug|Any CPU
		{FD58AC3D-0E9E-44C5-91C3-48C987A3E1A6}.Release|Any CPU.ActiveCfg = Release|Any CPU
		{FD58AC3D-0E9E-44C5-91C3-48C987A3E1A6}.Release|Any CPU.Build.0 = Release|Any CPU
	EndGlobalSection
	GlobalSection(SolutionProperties) = preSolution
		HideSolutionNode = FALSE
	EndGlobalSection
	GlobalSection(ExtensibilityGlobals) = postSolution
		SolutionGuid = {399BCF3E-9915-4D88-BA18-7DE15B9E58E2}
	EndGlobalSection
EndGlobal
